
Microsoft Visual Studio Solution File, Format Version 12.00
# Visual Studio Version 16
VisualStudioVersion = 16.0.30711.63
MinimumVisualStudioVersion = 10.0.40219.1
Project("{FAE04EC0-301F-11D3-BF4B-00C04F79EFBC}") = "SiteTemplate", "SiteTemplate\SiteTemplate.csproj", "{52CE382E-39A4-4462-A325-045D74B9BF56}"
EndProject
Project("{FAE04EC0-301F-11D3-BF4B-00C04F79EFBC}") = "Bll", "Bll\Bll.csproj", "{864650F7-FE9D-4A19-BEA9-ECBB0D49B0E3}"
EndProject
Project("{FAE04EC0-301F-11D3-BF4B-00C04F79EFBC}") = "Dal", "Dal\Dal.csproj", "{762EDBC0-A01E-4F6E-954A-2D5DDA4BC8B2}"
EndProject
Project("{FAE04EC0-301F-11D3-BF4B-00C04F79EFBC}") = "Dto", "Dto\Dto.csproj", "{C62C02EA-F1C2-4852-966E-21634F7D3BFD}"
EndProject
Global
	GlobalSection(SolutionConfigurationPlatforms) = preSolution
		Debug|Any CPU = Debug|Any CPU
		Release|Any CPU = Release|Any CPU
	EndGlobalSection
	GlobalSection(ProjectConfigurationPlatforms) = postSolution
		{52CE382E-39A4-4462-A325-045D74B9BF56}.Debug|Any CPU.ActiveCfg = Debug|Any CPU
		{52CE382E-39A4-4462-A325-045D74B9BF56}.Debug|Any CPU.Build.0 = Debug|Any CPU
		{52CE382E-39A4-4462-A325-045D74B9BF56}.Release|Any CPU.ActiveCfg = Release|Any CPU
		{52CE382E-39A4-4462-A325-045D74B9BF56}.Release|Any CPU.Build.0 = Release|Any CPU
		{864650F7-FE9D-4A19-BEA9-ECBB0D49B0E3}.Debug|Any CPU.ActiveCfg = Debug|Any CPU
		{864650F7-FE9D-4A19-BEA9-ECBB0D49B0E3}.Debug|Any CPU.Build.0 = Debug|Any CPU
		{864650F7-FE9D-4A19-BEA9-ECBB0D49B0E3}.Release|Any CPU.ActiveCfg = Release|Any CPU
		{864650F7-FE9D-4A19-BEA9-ECBB0D49B0E3}.Release|Any CPU.Build.0 = Release|Any CPU
		{762EDBC0-A01E-4F6E-954A-2D5DDA4BC8B2}.Debug|Any CPU.ActiveCfg = Debug|Any CPU
		{762EDBC0-A01E-4F6E-954A-2D5DDA4BC8B2}.Debug|Any CPU.Build.0 = Debug|Any CPU
		{762EDBC0-A01E-4F6E-954A-2D5DDA4BC8B2}.Release|Any CPU.ActiveCfg = Release|Any CPU
		{762EDBC0-A01E-4F6E-954A-2D5DDA4BC8B2}.Release|Any CPU.Build.0 = Release|Any CPU
		{C62C02EA-F1C2-4852-966E-21634F7D3BFD}.Debug|Any CPU.ActiveCfg = Debug|Any CPU
		{C62C02EA-F1C2-4852-966E-21634F7D3BFD}.Debug|Any CPU.Build.0 = Debug|Any CPU
		{C62C02EA-F1C2-4852-966E-21634F7D3BFD}.Release|Any CPU.ActiveCfg = Release|Any CPU
		{C62C02EA-F1C2-4852-966E-21634F7D3BFD}.Release|Any CPU.Build.0 = Release|Any CPU
	EndGlobalSection
	GlobalSection(SolutionProperties) = preSolution
		HideSolutionNode = FALSE
	EndGlobalSection
	GlobalSection(ExtensibilityGlobals) = postSolution
		SolutionGuid = {69B764D8-27D5-4A55-9136-9773076F39DE}
	EndGlobalSection
EndGlobal
